
Microsoft Visual Studio Solution File, Format Version 12.00
# Visual Studio Version 17
VisualStudioVersion = 17.11.35312.102
MinimumVisualStudioVersion = 10.0.40219.1
Project("{FAE04EC0-301F-11D3-BF4B-00C04F79EFBC}") = "demoOfMethod", "demoOfMethod.csproj", "{E8CB3AB9-F235-45DA-BCD7-4E61ABC434E6}"
EndProject
Project("{FAE04EC0-301F-11D3-BF4B-00C04F79EFBC}") = "returnTypeProject", "..\returnTypeProject\returnTypeProject.csproj", "{F8165955-42BC-4686-AB6D-52B0D95AFDB1}"
EndProject
Project("{FAE04EC0-301F-11D3-BF4B-00C04F79EFBC}") = "inputValidation", "..\inputValidation\inputValidation.csproj", "{802BA152-BE5D-442E-917D-4060E073F50E}"
EndProject
Global
	GlobalSection(SolutionConfigurationPlatforms) = preSolution
		Debug|Any CPU = Debug|Any CPU
		Release|Any CPU = Release|Any CPU
	EndGlobalSection
	GlobalSection(ProjectConfigurationPlatforms) = postSolution
		{E8CB3AB9-F235-45DA-BCD7-4E61ABC434E6}.Debug|Any CPU.ActiveCfg = Debug|Any CPU
		{E8CB3AB9-F235-45DA-BCD7-4E61ABC434E6}.Debug|Any CPU.Build.0 = Debug|Any CPU
		{E8CB3AB9-F235-45DA-BCD7-4E61ABC434E6}.Release|Any CPU.ActiveCfg = Release|Any CPU
		{E8CB3AB9-F235-45DA-BCD7-4E61ABC434E6}.Release|Any CPU.Build.0 = Release|Any CPU
		{F8165955-42BC-4686-AB6D-52B0D95AFDB1}.Debug|Any CPU.ActiveCfg = Debug|Any CPU
		{F8165955-42BC-4686-AB6D-52B0D95AFDB1}.Debug|Any CPU.Build.0 = Debug|Any CPU
		{F8165955-42BC-4686-AB6D-52B0D95AFDB1}.Release|Any CPU.ActiveCfg = Release|Any CPU
		{F8165955-42BC-4686-AB6D-52B0D95AFDB1}.Release|Any CPU.Build.0 = Release|Any CPU
		{802BA152-BE5D-442E-917D-4060E073F50E}.Debug|Any CPU.ActiveCfg = Debug|Any CPU
		{802BA152-BE5D-442E-917D-4060E073F50E}.Debug|Any CPU.Build.0 = Debug|Any CPU
		{802BA152-BE5D-442E-917D-4060E073F50E}.Release|Any CPU.ActiveCfg = Release|Any CPU
		{802BA152-BE5D-442E-917D-4060E073F50E}.Release|Any CPU.Build.0 = Release|Any CPU
	EndGlobalSection
	GlobalSection(SolutionProperties) = preSolution
		HideSolutionNode = FALSE
	EndGlobalSection
	GlobalSection(ExtensibilityGlobals) = postSolution
		SolutionGuid = {3BC48AE0-C4D1-4B68-A63C-E24A1A3AE157}
	EndGlobalSection
EndGlobal
